
Microsoft Visual Studio Solution File, Format Version 12.00
# Visual Studio Version 16
VisualStudioVersion = 16.0.29613.14
MinimumVisualStudioVersion = 10.0.40219.1
Project("{FAE04EC0-301F-11D3-BF4B-00C04F79EFBC}") = "test", "test\test.csproj", "{6C688362-6EB6-40C8-AB27-07E2D06EA7A0}"
EndProject
Global
	GlobalSection(SolutionConfigurationPlatforms) = preSolution
		Debug|Any CPU = Debug|Any CPU
		Release|Any CPU = Release|Any CPU
	EndGlobalSection
	GlobalSection(ProjectConfigurationPlatforms) = postSolution
		{6C688362-6EB6-40C8-AB27-07E2D06EA7A0}.Debug|Any CPU.ActiveCfg = Debug|Any CPU
		{6C688362-6EB6-40C8-AB27-07E2D06EA7A0}.Debug|Any CPU.Build.0 = Debug|Any CPU
		{6C688362-6EB6-40C8-AB27-07E2D06EA7A0}.Release|Any CPU.ActiveCfg = Release|Any CPU
		{6C688362-6EB6-40C8-AB27-07E2D06EA7A0}.Release|Any CPU.Build.0 = Release|Any CPU
	EndGlobalSection
	GlobalSection(SolutionProperties) = preSolution
		HideSolutionNode = FALSE
	EndGlobalSection
	GlobalSection(ExtensibilityGlobals) = postSolution
		SolutionGuid = {9C1DE8EF-93CD-4CE5-B5C8-5B621AB96DEA}
	EndGlobalSection
EndGlobal
