
Microsoft Visual Studio Solution File, Format Version 12.00
# Visual Studio Version 16
VisualStudioVersion = 16.0.30717.126
MinimumVisualStudioVersion = 10.0.40219.1
Project("{FAE04EC0-301F-11D3-BF4B-00C04F79EFBC}") = "Proje_HastaneYonetimOtomasyonu", "Proje_HastaneYonetimOtomasyonu\Proje_HastaneYonetimOtomasyonu.csproj", "{F6A71B11-FEF8-40A4-B363-C2DCE2D37D56}"
EndProject
Global
	GlobalSection(SolutionConfigurationPlatforms) = preSolution
		Debug|Any CPU = Debug|Any CPU
		Release|Any CPU = Release|Any CPU
	EndGlobalSection
	GlobalSection(ProjectConfigurationPlatforms) = postSolution
		{F6A71B11-FEF8-40A4-B363-C2DCE2D37D56}.Debug|Any CPU.ActiveCfg = Debug|Any CPU
		{F6A71B11-FEF8-40A4-B363-C2DCE2D37D56}.Debug|Any CPU.Build.0 = Debug|Any CPU
		{F6A71B11-FEF8-40A4-B363-C2DCE2D37D56}.Release|Any CPU.ActiveCfg = Release|Any CPU
		{F6A71B11-FEF8-40A4-B363-C2DCE2D37D56}.Release|Any CPU.Build.0 = Release|Any CPU
	EndGlobalSection
	GlobalSection(SolutionProperties) = preSolution
		HideSolutionNode = FALSE
	EndGlobalSection
	GlobalSection(ExtensibilityGlobals) = postSolution
		SolutionGuid = {3EB45136-D1AF-497A-8172-2A87E97B2D92}
	EndGlobalSection
EndGlobal
