
Microsoft Visual Studio Solution File, Format Version 12.00
# Visual Studio Version 16
VisualStudioVersion = 16.0.29613.14
MinimumVisualStudioVersion = 10.0.40219.1
Project("{FAE04EC0-301F-11D3-BF4B-00C04F79EFBC}") = "ders 7", "ders 7\ders 7.csproj", "{EC267E32-D8C2-4B50-9206-53763E1B3367}"
EndProject
Global
	GlobalSection(SolutionConfigurationPlatforms) = preSolution
		Debug|Any CPU = Debug|Any CPU
		Release|Any CPU = Release|Any CPU
	EndGlobalSection
	GlobalSection(ProjectConfigurationPlatforms) = postSolution
		{EC267E32-D8C2-4B50-9206-53763E1B3367}.Debug|Any CPU.ActiveCfg = Debug|Any CPU
		{EC267E32-D8C2-4B50-9206-53763E1B3367}.Debug|Any CPU.Build.0 = Debug|Any CPU
		{EC267E32-D8C2-4B50-9206-53763E1B3367}.Release|Any CPU.ActiveCfg = Release|Any CPU
		{EC267E32-D8C2-4B50-9206-53763E1B3367}.Release|Any CPU.Build.0 = Release|Any CPU
	EndGlobalSection
	GlobalSection(SolutionProperties) = preSolution
		HideSolutionNode = FALSE
	EndGlobalSection
	GlobalSection(ExtensibilityGlobals) = postSolution
		SolutionGuid = {F6B33354-F55F-41F8-9EA4-18BA66E01227}
	EndGlobalSection
EndGlobal
