
Microsoft Visual Studio Solution File, Format Version 12.00
# Visual Studio Version 16
VisualStudioVersion = 16.0.29613.14
MinimumVisualStudioVersion = 10.0.40219.1
Project("{FAE04EC0-301F-11D3-BF4B-00C04F79EFBC}") = "oop-sheet 2-q6(Poly)", "oop-sheet 2-q6(Poly)\oop-sheet 2-q6(Poly).csproj", "{594DA4AC-1C23-4E55-8DFF-9C8891741FB8}"
EndProject
Global
	GlobalSection(SolutionConfigurationPlatforms) = preSolution
		Debug|Any CPU = Debug|Any CPU
		Release|Any CPU = Release|Any CPU
	EndGlobalSection
	GlobalSection(ProjectConfigurationPlatforms) = postSolution
		{594DA4AC-1C23-4E55-8DFF-9C8891741FB8}.Debug|Any CPU.ActiveCfg = Debug|Any CPU
		{594DA4AC-1C23-4E55-8DFF-9C8891741FB8}.Debug|Any CPU.Build.0 = Debug|Any CPU
		{594DA4AC-1C23-4E55-8DFF-9C8891741FB8}.Release|Any CPU.ActiveCfg = Release|Any CPU
		{594DA4AC-1C23-4E55-8DFF-9C8891741FB8}.Release|Any CPU.Build.0 = Release|Any CPU
	EndGlobalSection
	GlobalSection(SolutionProperties) = preSolution
		HideSolutionNode = FALSE
	EndGlobalSection
	GlobalSection(ExtensibilityGlobals) = postSolution
		SolutionGuid = {E42C4CDF-6073-46E9-931E-70FEC3CDBBEF}
	EndGlobalSection
EndGlobal
