
Microsoft Visual Studio Solution File, Format Version 12.00
# Visual Studio Version 16
VisualStudioVersion = 16.0.30503.244
MinimumVisualStudioVersion = 10.0.40219.1
Project("{FAE04EC0-301F-11D3-BF4B-00C04F79EFBC}") = "point usage", "point usage\point usage.csproj", "{4397ABFB-383C-4180-8513-36613DC542DD}"
EndProject
Global
	GlobalSection(SolutionConfigurationPlatforms) = preSolution
		Debug|Any CPU = Debug|Any CPU
		Release|Any CPU = Release|Any CPU
	EndGlobalSection
	GlobalSection(ProjectConfigurationPlatforms) = postSolution
		{4397ABFB-383C-4180-8513-36613DC542DD}.Debug|Any CPU.ActiveCfg = Debug|Any CPU
		{4397ABFB-383C-4180-8513-36613DC542DD}.Debug|Any CPU.Build.0 = Debug|Any CPU
		{4397ABFB-383C-4180-8513-36613DC542DD}.Release|Any CPU.ActiveCfg = Release|Any CPU
		{4397ABFB-383C-4180-8513-36613DC542DD}.Release|Any CPU.Build.0 = Release|Any CPU
	EndGlobalSection
	GlobalSection(SolutionProperties) = preSolution
		HideSolutionNode = FALSE
	EndGlobalSection
	GlobalSection(ExtensibilityGlobals) = postSolution
		SolutionGuid = {ADB0645D-AC24-4EE2-9844-202A5BDE85C0}
	EndGlobalSection
EndGlobal
