
Microsoft Visual Studio Solution File, Format Version 12.00
# Visual Studio Version 16
VisualStudioVersion = 16.0.30523.141
MinimumVisualStudioVersion = 10.0.40219.1
Project("{FAE04EC0-301F-11D3-BF4B-00C04F79EFBC}") = "170201027-irem çatak(assignment)", "170201027-irem çatak(assignment)\170201027-irem çatak(assignment).csproj", "{1407AA12-FCA6-4098-819F-18203174B33A}"
EndProject
Global
	GlobalSection(SolutionConfigurationPlatforms) = preSolution
		Debug|Any CPU = Debug|Any CPU
		Release|Any CPU = Release|Any CPU
	EndGlobalSection
	GlobalSection(ProjectConfigurationPlatforms) = postSolution
		{1407AA12-FCA6-4098-819F-18203174B33A}.Debug|Any CPU.ActiveCfg = Debug|Any CPU
		{1407AA12-FCA6-4098-819F-18203174B33A}.Debug|Any CPU.Build.0 = Debug|Any CPU
		{1407AA12-FCA6-4098-819F-18203174B33A}.Release|Any CPU.ActiveCfg = Release|Any CPU
		{1407AA12-FCA6-4098-819F-18203174B33A}.Release|Any CPU.Build.0 = Release|Any CPU
	EndGlobalSection
	GlobalSection(SolutionProperties) = preSolution
		HideSolutionNode = FALSE
	EndGlobalSection
	GlobalSection(ExtensibilityGlobals) = postSolution
		SolutionGuid = {217EC194-BAB7-4443-9C61-1D40A3EAFA6C}
	EndGlobalSection
EndGlobal
