
Microsoft Visual Studio Solution File, Format Version 12.00
# Visual Studio Version 16
VisualStudioVersion = 16.0.30804.86
MinimumVisualStudioVersion = 10.0.40219.1
Project("{FAE04EC0-301F-11D3-BF4B-00C04F79EFBC}") = "Proje-Öğrenci Bilgi Sistemi-", "Proje-Öğrenci Bilgi Sistemi-\Proje-Öğrenci Bilgi Sistemi-.csproj", "{DA0A7F88-0815-4204-8404-5EE19B1E64CF}"
EndProject
Global
	GlobalSection(SolutionConfigurationPlatforms) = preSolution
		Debug|Any CPU = Debug|Any CPU
		Release|Any CPU = Release|Any CPU
	EndGlobalSection
	GlobalSection(ProjectConfigurationPlatforms) = postSolution
		{DA0A7F88-0815-4204-8404-5EE19B1E64CF}.Debug|Any CPU.ActiveCfg = Debug|Any CPU
		{DA0A7F88-0815-4204-8404-5EE19B1E64CF}.Debug|Any CPU.Build.0 = Debug|Any CPU
		{DA0A7F88-0815-4204-8404-5EE19B1E64CF}.Release|Any CPU.ActiveCfg = Release|Any CPU
		{DA0A7F88-0815-4204-8404-5EE19B1E64CF}.Release|Any CPU.Build.0 = Release|Any CPU
	EndGlobalSection
	GlobalSection(SolutionProperties) = preSolution
		HideSolutionNode = FALSE
	EndGlobalSection
	GlobalSection(ExtensibilityGlobals) = postSolution
		SolutionGuid = {DEABD0FA-1CE6-49F3-A6E1-47C898429961}
	EndGlobalSection
EndGlobal
