
Microsoft Visual Studio Solution File, Format Version 12.00
# Visual Studio Version 16
VisualStudioVersion = 16.0.30717.126
MinimumVisualStudioVersion = 10.0.40219.1
Project("{FAE04EC0-301F-11D3-BF4B-00C04F79EFBC}") = "dbms", "dbms\dbms.csproj", "{F4E83619-8BC3-4D2C-90F8-A0B4290CBFFE}"
EndProject
Global
	GlobalSection(SolutionConfigurationPlatforms) = preSolution
		Debug|Any CPU = Debug|Any CPU
		Release|Any CPU = Release|Any CPU
	EndGlobalSection
	GlobalSection(ProjectConfigurationPlatforms) = postSolution
		{F4E83619-8BC3-4D2C-90F8-A0B4290CBFFE}.Debug|Any CPU.ActiveCfg = Debug|Any CPU
		{F4E83619-8BC3-4D2C-90F8-A0B4290CBFFE}.Debug|Any CPU.Build.0 = Debug|Any CPU
		{F4E83619-8BC3-4D2C-90F8-A0B4290CBFFE}.Release|Any CPU.ActiveCfg = Release|Any CPU
		{F4E83619-8BC3-4D2C-90F8-A0B4290CBFFE}.Release|Any CPU.Build.0 = Release|Any CPU
	EndGlobalSection
	GlobalSection(SolutionProperties) = preSolution
		HideSolutionNode = FALSE
	EndGlobalSection
	GlobalSection(ExtensibilityGlobals) = postSolution
		SolutionGuid = {34FB9563-7644-4EA2-ADB7-DB53A6E1D206}
	EndGlobalSection
EndGlobal
