
Microsoft Visual Studio Solution File, Format Version 12.00
# Visual Studio Version 16
VisualStudioVersion = 16.0.29613.14
MinimumVisualStudioVersion = 10.0.40219.1
Project("{FAE04EC0-301F-11D3-BF4B-00C04F79EFBC}") = "ders 22", "ders 22\ders 22.csproj", "{7BA0AD7E-17A5-46FD-97DC-39E1F3750383}"
EndProject
Global
	GlobalSection(SolutionConfigurationPlatforms) = preSolution
		Debug|Any CPU = Debug|Any CPU
		Release|Any CPU = Release|Any CPU
	EndGlobalSection
	GlobalSection(ProjectConfigurationPlatforms) = postSolution
		{7BA0AD7E-17A5-46FD-97DC-39E1F3750383}.Debug|Any CPU.ActiveCfg = Debug|Any CPU
		{7BA0AD7E-17A5-46FD-97DC-39E1F3750383}.Debug|Any CPU.Build.0 = Debug|Any CPU
		{7BA0AD7E-17A5-46FD-97DC-39E1F3750383}.Release|Any CPU.ActiveCfg = Release|Any CPU
		{7BA0AD7E-17A5-46FD-97DC-39E1F3750383}.Release|Any CPU.Build.0 = Release|Any CPU
	EndGlobalSection
	GlobalSection(SolutionProperties) = preSolution
		HideSolutionNode = FALSE
	EndGlobalSection
	GlobalSection(ExtensibilityGlobals) = postSolution
		SolutionGuid = {70AF749C-5DB2-4664-BAF6-A34DE28B465A}
	EndGlobalSection
EndGlobal
