
Microsoft Visual Studio Solution File, Format Version 12.00
# Visual Studio Version 16
VisualStudioVersion = 16.0.29613.14
MinimumVisualStudioVersion = 10.0.40219.1
Project("{FAE04EC0-301F-11D3-BF4B-00C04F79EFBC}") = "ders 13", "ders 13\ders 13.csproj", "{9DDDE457-E7B1-4D6C-817D-1F1A7A3B2AB6}"
EndProject
Global
	GlobalSection(SolutionConfigurationPlatforms) = preSolution
		Debug|Any CPU = Debug|Any CPU
		Release|Any CPU = Release|Any CPU
	EndGlobalSection
	GlobalSection(ProjectConfigurationPlatforms) = postSolution
		{9DDDE457-E7B1-4D6C-817D-1F1A7A3B2AB6}.Debug|Any CPU.ActiveCfg = Debug|Any CPU
		{9DDDE457-E7B1-4D6C-817D-1F1A7A3B2AB6}.Debug|Any CPU.Build.0 = Debug|Any CPU
		{9DDDE457-E7B1-4D6C-817D-1F1A7A3B2AB6}.Release|Any CPU.ActiveCfg = Release|Any CPU
		{9DDDE457-E7B1-4D6C-817D-1F1A7A3B2AB6}.Release|Any CPU.Build.0 = Release|Any CPU
	EndGlobalSection
	GlobalSection(SolutionProperties) = preSolution
		HideSolutionNode = FALSE
	EndGlobalSection
	GlobalSection(ExtensibilityGlobals) = postSolution
		SolutionGuid = {97C3D32B-761E-4706-99F1-2203B122553A}
	EndGlobalSection
EndGlobal
