
Microsoft Visual Studio Solution File, Format Version 12.00
# Visual Studio Version 16
VisualStudioVersion = 16.0.29613.14
MinimumVisualStudioVersion = 10.0.40219.1
Project("{FAE04EC0-301F-11D3-BF4B-00C04F79EFBC}") = "oop-sheet5-q3", "oop-sheet5-q3\oop-sheet5-q3.csproj", "{31B54915-4BFB-44F7-950F-AE62BBFDE251}"
EndProject
Global
	GlobalSection(SolutionConfigurationPlatforms) = preSolution
		Debug|Any CPU = Debug|Any CPU
		Release|Any CPU = Release|Any CPU
	EndGlobalSection
	GlobalSection(ProjectConfigurationPlatforms) = postSolution
		{31B54915-4BFB-44F7-950F-AE62BBFDE251}.Debug|Any CPU.ActiveCfg = Debug|Any CPU
		{31B54915-4BFB-44F7-950F-AE62BBFDE251}.Debug|Any CPU.Build.0 = Debug|Any CPU
		{31B54915-4BFB-44F7-950F-AE62BBFDE251}.Release|Any CPU.ActiveCfg = Release|Any CPU
		{31B54915-4BFB-44F7-950F-AE62BBFDE251}.Release|Any CPU.Build.0 = Release|Any CPU
	EndGlobalSection
	GlobalSection(SolutionProperties) = preSolution
		HideSolutionNode = FALSE
	EndGlobalSection
	GlobalSection(ExtensibilityGlobals) = postSolution
		SolutionGuid = {4F745008-ADC5-47A9-8D8B-75AE9FA0DC8F}
	EndGlobalSection
EndGlobal
