
Microsoft Visual Studio Solution File, Format Version 12.00
# Visual Studio Version 16
VisualStudioVersion = 16.0.30503.244
MinimumVisualStudioVersion = 10.0.40219.1
Project("{FAE04EC0-301F-11D3-BF4B-00C04F79EFBC}") = "moving data between forms", "moving data between forms\moving data between forms.csproj", "{1BA610AF-54A2-4602-AF83-E649FA4FB4A2}"
EndProject
Global
	GlobalSection(SolutionConfigurationPlatforms) = preSolution
		Debug|Any CPU = Debug|Any CPU
		Release|Any CPU = Release|Any CPU
	EndGlobalSection
	GlobalSection(ProjectConfigurationPlatforms) = postSolution
		{1BA610AF-54A2-4602-AF83-E649FA4FB4A2}.Debug|Any CPU.ActiveCfg = Debug|Any CPU
		{1BA610AF-54A2-4602-AF83-E649FA4FB4A2}.Debug|Any CPU.Build.0 = Debug|Any CPU
		{1BA610AF-54A2-4602-AF83-E649FA4FB4A2}.Release|Any CPU.ActiveCfg = Release|Any CPU
		{1BA610AF-54A2-4602-AF83-E649FA4FB4A2}.Release|Any CPU.Build.0 = Release|Any CPU
	EndGlobalSection
	GlobalSection(SolutionProperties) = preSolution
		HideSolutionNode = FALSE
	EndGlobalSection
	GlobalSection(ExtensibilityGlobals) = postSolution
		SolutionGuid = {2E8C1E80-45F3-4F26-982F-652956236007}
	EndGlobalSection
EndGlobal
