
Microsoft Visual Studio Solution File, Format Version 12.00
# Visual Studio Version 16
VisualStudioVersion = 16.0.29613.14
MinimumVisualStudioVersion = 10.0.40219.1
Project("{FAE04EC0-301F-11D3-BF4B-00C04F79EFBC}") = "oop-sheet5-q4", "oop-sheet5-q4\oop-sheet5-q4.csproj", "{01A253FD-9ED0-4A29-A3E9-FA1DE55CC672}"
EndProject
Global
	GlobalSection(SolutionConfigurationPlatforms) = preSolution
		Debug|Any CPU = Debug|Any CPU
		Release|Any CPU = Release|Any CPU
	EndGlobalSection
	GlobalSection(ProjectConfigurationPlatforms) = postSolution
		{01A253FD-9ED0-4A29-A3E9-FA1DE55CC672}.Debug|Any CPU.ActiveCfg = Debug|Any CPU
		{01A253FD-9ED0-4A29-A3E9-FA1DE55CC672}.Debug|Any CPU.Build.0 = Debug|Any CPU
		{01A253FD-9ED0-4A29-A3E9-FA1DE55CC672}.Release|Any CPU.ActiveCfg = Release|Any CPU
		{01A253FD-9ED0-4A29-A3E9-FA1DE55CC672}.Release|Any CPU.Build.0 = Release|Any CPU
	EndGlobalSection
	GlobalSection(SolutionProperties) = preSolution
		HideSolutionNode = FALSE
	EndGlobalSection
	GlobalSection(ExtensibilityGlobals) = postSolution
		SolutionGuid = {75F919FC-4C0C-4166-983A-F48F050B804E}
	EndGlobalSection
EndGlobal
