
Microsoft Visual Studio Solution File, Format Version 12.00
# Visual Studio Version 16
VisualStudioVersion = 16.0.29613.14
MinimumVisualStudioVersion = 10.0.40219.1
Project("{FAE04EC0-301F-11D3-BF4B-00C04F79EFBC}") = "ders 21", "ders 21\ders 21.csproj", "{7A011607-AA81-47A5-A4B8-011C292A160C}"
EndProject
Global
	GlobalSection(SolutionConfigurationPlatforms) = preSolution
		Debug|Any CPU = Debug|Any CPU
		Release|Any CPU = Release|Any CPU
	EndGlobalSection
	GlobalSection(ProjectConfigurationPlatforms) = postSolution
		{7A011607-AA81-47A5-A4B8-011C292A160C}.Debug|Any CPU.ActiveCfg = Debug|Any CPU
		{7A011607-AA81-47A5-A4B8-011C292A160C}.Debug|Any CPU.Build.0 = Debug|Any CPU
		{7A011607-AA81-47A5-A4B8-011C292A160C}.Release|Any CPU.ActiveCfg = Release|Any CPU
		{7A011607-AA81-47A5-A4B8-011C292A160C}.Release|Any CPU.Build.0 = Release|Any CPU
	EndGlobalSection
	GlobalSection(SolutionProperties) = preSolution
		HideSolutionNode = FALSE
	EndGlobalSection
	GlobalSection(ExtensibilityGlobals) = postSolution
		SolutionGuid = {2A7B126F-ECAC-46DB-BD49-80AA7ADDE133}
	EndGlobalSection
EndGlobal
