
Microsoft Visual Studio Solution File, Format Version 12.00
# Visual Studio Version 16
VisualStudioVersion = 16.0.30523.141
MinimumVisualStudioVersion = 10.0.40219.1
Project("{FAE04EC0-301F-11D3-BF4B-00C04F79EFBC}") = "WindowsFormsApp2", "WindowsFormsApp2\WindowsFormsApp2.csproj", "{E5C6F88D-E718-4680-818D-6D636D566D87}"
EndProject
Global
	GlobalSection(SolutionConfigurationPlatforms) = preSolution
		Debug|Any CPU = Debug|Any CPU
		Release|Any CPU = Release|Any CPU
	EndGlobalSection
	GlobalSection(ProjectConfigurationPlatforms) = postSolution
		{E5C6F88D-E718-4680-818D-6D636D566D87}.Debug|Any CPU.ActiveCfg = Debug|Any CPU
		{E5C6F88D-E718-4680-818D-6D636D566D87}.Debug|Any CPU.Build.0 = Debug|Any CPU
		{E5C6F88D-E718-4680-818D-6D636D566D87}.Release|Any CPU.ActiveCfg = Release|Any CPU
		{E5C6F88D-E718-4680-818D-6D636D566D87}.Release|Any CPU.Build.0 = Release|Any CPU
	EndGlobalSection
	GlobalSection(SolutionProperties) = preSolution
		HideSolutionNode = FALSE
	EndGlobalSection
	GlobalSection(ExtensibilityGlobals) = postSolution
		SolutionGuid = {EE1D8AFB-39EC-46B8-86C4-B02BBEBFBDD6}
	EndGlobalSection
EndGlobal
