
Microsoft Visual Studio Solution File, Format Version 12.00
# Visual Studio Version 16
VisualStudioVersion = 16.0.29613.14
MinimumVisualStudioVersion = 10.0.40219.1
Project("{FAE04EC0-301F-11D3-BF4B-00C04F79EFBC}") = "ders 11", "ders 11\ders 11.csproj", "{DAB285CD-DB5D-43DE-B79B-4EB906CE5997}"
EndProject
Global
	GlobalSection(SolutionConfigurationPlatforms) = preSolution
		Debug|Any CPU = Debug|Any CPU
		Release|Any CPU = Release|Any CPU
	EndGlobalSection
	GlobalSection(ProjectConfigurationPlatforms) = postSolution
		{DAB285CD-DB5D-43DE-B79B-4EB906CE5997}.Debug|Any CPU.ActiveCfg = Debug|Any CPU
		{DAB285CD-DB5D-43DE-B79B-4EB906CE5997}.Debug|Any CPU.Build.0 = Debug|Any CPU
		{DAB285CD-DB5D-43DE-B79B-4EB906CE5997}.Release|Any CPU.ActiveCfg = Release|Any CPU
		{DAB285CD-DB5D-43DE-B79B-4EB906CE5997}.Release|Any CPU.Build.0 = Release|Any CPU
	EndGlobalSection
	GlobalSection(SolutionProperties) = preSolution
		HideSolutionNode = FALSE
	EndGlobalSection
	GlobalSection(ExtensibilityGlobals) = postSolution
		SolutionGuid = {5FEA5EF6-4030-407C-9AD6-FD75881FCAC1}
	EndGlobalSection
EndGlobal
