
Microsoft Visual Studio Solution File, Format Version 12.00
# Visual Studio Version 16
VisualStudioVersion = 16.0.29613.14
MinimumVisualStudioVersion = 10.0.40219.1
Project("{FAE04EC0-301F-11D3-BF4B-00C04F79EFBC}") = "ders 17 - alışveriş indirim tutar hesaplama", "ders 17 - alışveriş indirim tutar hesaplama\ders 17 - alışveriş indirim tutar hesaplama.csproj", "{D0210C3F-383A-4B7D-99D9-60E80506008F}"
EndProject
Global
	GlobalSection(SolutionConfigurationPlatforms) = preSolution
		Debug|Any CPU = Debug|Any CPU
		Release|Any CPU = Release|Any CPU
	EndGlobalSection
	GlobalSection(ProjectConfigurationPlatforms) = postSolution
		{D0210C3F-383A-4B7D-99D9-60E80506008F}.Debug|Any CPU.ActiveCfg = Debug|Any CPU
		{D0210C3F-383A-4B7D-99D9-60E80506008F}.Debug|Any CPU.Build.0 = Debug|Any CPU
		{D0210C3F-383A-4B7D-99D9-60E80506008F}.Release|Any CPU.ActiveCfg = Release|Any CPU
		{D0210C3F-383A-4B7D-99D9-60E80506008F}.Release|Any CPU.Build.0 = Release|Any CPU
	EndGlobalSection
	GlobalSection(SolutionProperties) = preSolution
		HideSolutionNode = FALSE
	EndGlobalSection
	GlobalSection(ExtensibilityGlobals) = postSolution
		SolutionGuid = {0A0AB43C-75D7-4597-B333-80E0E91D566A}
	EndGlobalSection
EndGlobal
