
Microsoft Visual Studio Solution File, Format Version 12.00
# Visual Studio Version 16
VisualStudioVersion = 16.0.30523.141
MinimumVisualStudioVersion = 10.0.40219.1
Project("{FAE04EC0-301F-11D3-BF4B-00C04F79EFBC}") = "database management systems assignment", "database management systems assignment\database management systems assignment.csproj", "{378ECBB3-1AB3-494C-996A-58A4DDEC5AD6}"
EndProject
Global
	GlobalSection(SolutionConfigurationPlatforms) = preSolution
		Debug|Any CPU = Debug|Any CPU
		Release|Any CPU = Release|Any CPU
	EndGlobalSection
	GlobalSection(ProjectConfigurationPlatforms) = postSolution
		{378ECBB3-1AB3-494C-996A-58A4DDEC5AD6}.Debug|Any CPU.ActiveCfg = Debug|Any CPU
		{378ECBB3-1AB3-494C-996A-58A4DDEC5AD6}.Debug|Any CPU.Build.0 = Debug|Any CPU
		{378ECBB3-1AB3-494C-996A-58A4DDEC5AD6}.Release|Any CPU.ActiveCfg = Release|Any CPU
		{378ECBB3-1AB3-494C-996A-58A4DDEC5AD6}.Release|Any CPU.Build.0 = Release|Any CPU
	EndGlobalSection
	GlobalSection(SolutionProperties) = preSolution
		HideSolutionNode = FALSE
	EndGlobalSection
	GlobalSection(ExtensibilityGlobals) = postSolution
		SolutionGuid = {A0F594B5-273A-4208-92FD-D2004D7D400A}
	EndGlobalSection
EndGlobal
