
Microsoft Visual Studio Solution File, Format Version 12.00
# Visual Studio Version 16
VisualStudioVersion = 16.0.29613.14
MinimumVisualStudioVersion = 10.0.40219.1
Project("{FAE04EC0-301F-11D3-BF4B-00C04F79EFBC}") = "ders 26", "ders 26\ders 26.csproj", "{0450A0CB-0B6B-4B07-83BE-5E18DC44C4AD}"
EndProject
Global
	GlobalSection(SolutionConfigurationPlatforms) = preSolution
		Debug|Any CPU = Debug|Any CPU
		Release|Any CPU = Release|Any CPU
	EndGlobalSection
	GlobalSection(ProjectConfigurationPlatforms) = postSolution
		{0450A0CB-0B6B-4B07-83BE-5E18DC44C4AD}.Debug|Any CPU.ActiveCfg = Debug|Any CPU
		{0450A0CB-0B6B-4B07-83BE-5E18DC44C4AD}.Debug|Any CPU.Build.0 = Debug|Any CPU
		{0450A0CB-0B6B-4B07-83BE-5E18DC44C4AD}.Release|Any CPU.ActiveCfg = Release|Any CPU
		{0450A0CB-0B6B-4B07-83BE-5E18DC44C4AD}.Release|Any CPU.Build.0 = Release|Any CPU
	EndGlobalSection
	GlobalSection(SolutionProperties) = preSolution
		HideSolutionNode = FALSE
	EndGlobalSection
	GlobalSection(ExtensibilityGlobals) = postSolution
		SolutionGuid = {5889BF7C-D3CA-4FBB-BC26-B85F7298AD1D}
	EndGlobalSection
EndGlobal
