
Microsoft Visual Studio Solution File, Format Version 12.00
# Visual Studio Version 16
VisualStudioVersion = 16.0.29613.14
MinimumVisualStudioVersion = 10.0.40219.1
Project("{FAE04EC0-301F-11D3-BF4B-00C04F79EFBC}") = "midterm question 1", "midterm question 1\midterm question 1.csproj", "{47CAA1A8-7FD7-4472-90C6-6600BBF1F58F}"
EndProject
Global
	GlobalSection(SolutionConfigurationPlatforms) = preSolution
		Debug|Any CPU = Debug|Any CPU
		Release|Any CPU = Release|Any CPU
	EndGlobalSection
	GlobalSection(ProjectConfigurationPlatforms) = postSolution
		{47CAA1A8-7FD7-4472-90C6-6600BBF1F58F}.Debug|Any CPU.ActiveCfg = Debug|Any CPU
		{47CAA1A8-7FD7-4472-90C6-6600BBF1F58F}.Debug|Any CPU.Build.0 = Debug|Any CPU
		{47CAA1A8-7FD7-4472-90C6-6600BBF1F58F}.Release|Any CPU.ActiveCfg = Release|Any CPU
		{47CAA1A8-7FD7-4472-90C6-6600BBF1F58F}.Release|Any CPU.Build.0 = Release|Any CPU
	EndGlobalSection
	GlobalSection(SolutionProperties) = preSolution
		HideSolutionNode = FALSE
	EndGlobalSection
	GlobalSection(ExtensibilityGlobals) = postSolution
		SolutionGuid = {391A13F7-EDC0-424A-AF03-16FA9A56975F}
	EndGlobalSection
EndGlobal
