
Microsoft Visual Studio Solution File, Format Version 12.00
# Visual Studio Version 16
VisualStudioVersion = 16.0.30503.244
MinimumVisualStudioVersion = 10.0.40219.1
Project("{FAE04EC0-301F-11D3-BF4B-00C04F79EFBC}") = "Animation", "Animation\Animation.csproj", "{D9C0B757-6C60-48D9-9D43-AAF8A6FE567B}"
EndProject
Global
	GlobalSection(SolutionConfigurationPlatforms) = preSolution
		Debug|Any CPU = Debug|Any CPU
		Release|Any CPU = Release|Any CPU
	EndGlobalSection
	GlobalSection(ProjectConfigurationPlatforms) = postSolution
		{D9C0B757-6C60-48D9-9D43-AAF8A6FE567B}.Debug|Any CPU.ActiveCfg = Debug|Any CPU
		{D9C0B757-6C60-48D9-9D43-AAF8A6FE567B}.Debug|Any CPU.Build.0 = Debug|Any CPU
		{D9C0B757-6C60-48D9-9D43-AAF8A6FE567B}.Release|Any CPU.ActiveCfg = Release|Any CPU
		{D9C0B757-6C60-48D9-9D43-AAF8A6FE567B}.Release|Any CPU.Build.0 = Release|Any CPU
	EndGlobalSection
	GlobalSection(SolutionProperties) = preSolution
		HideSolutionNode = FALSE
	EndGlobalSection
	GlobalSection(ExtensibilityGlobals) = postSolution
		SolutionGuid = {9456E9B8-7165-4472-87CB-605028FDEF4F}
	EndGlobalSection
EndGlobal
