
Microsoft Visual Studio Solution File, Format Version 12.00
# Visual Studio Version 16
VisualStudioVersion = 16.0.30717.126
MinimumVisualStudioVersion = 10.0.40219.1
Project("{FAE04EC0-301F-11D3-BF4B-00C04F79EFBC}") = "project robotic", "project robotic\project robotic.csproj", "{2960C1DF-6105-46C2-B316-7EF31C1A45CD}"
EndProject
Global
	GlobalSection(SolutionConfigurationPlatforms) = preSolution
		Debug|Any CPU = Debug|Any CPU
		Release|Any CPU = Release|Any CPU
	EndGlobalSection
	GlobalSection(ProjectConfigurationPlatforms) = postSolution
		{2960C1DF-6105-46C2-B316-7EF31C1A45CD}.Debug|Any CPU.ActiveCfg = Debug|Any CPU
		{2960C1DF-6105-46C2-B316-7EF31C1A45CD}.Debug|Any CPU.Build.0 = Debug|Any CPU
		{2960C1DF-6105-46C2-B316-7EF31C1A45CD}.Release|Any CPU.ActiveCfg = Release|Any CPU
		{2960C1DF-6105-46C2-B316-7EF31C1A45CD}.Release|Any CPU.Build.0 = Release|Any CPU
	EndGlobalSection
	GlobalSection(SolutionProperties) = preSolution
		HideSolutionNode = FALSE
	EndGlobalSection
	GlobalSection(ExtensibilityGlobals) = postSolution
		SolutionGuid = {8D20C0A8-1D0A-4F7E-8D56-566F956F9B1D}
	EndGlobalSection
EndGlobal
