
Microsoft Visual Studio Solution File, Format Version 12.00
# Visual Studio Version 16
VisualStudioVersion = 16.0.29613.14
MinimumVisualStudioVersion = 10.0.40219.1
Project("{FAE04EC0-301F-11D3-BF4B-00C04F79EFBC}") = "ders 8", "ders 8\ders 8.csproj", "{1597303D-2011-4B65-B695-B222587AF54E}"
EndProject
Global
	GlobalSection(SolutionConfigurationPlatforms) = preSolution
		Debug|Any CPU = Debug|Any CPU
		Release|Any CPU = Release|Any CPU
	EndGlobalSection
	GlobalSection(ProjectConfigurationPlatforms) = postSolution
		{1597303D-2011-4B65-B695-B222587AF54E}.Debug|Any CPU.ActiveCfg = Debug|Any CPU
		{1597303D-2011-4B65-B695-B222587AF54E}.Debug|Any CPU.Build.0 = Debug|Any CPU
		{1597303D-2011-4B65-B695-B222587AF54E}.Release|Any CPU.ActiveCfg = Release|Any CPU
		{1597303D-2011-4B65-B695-B222587AF54E}.Release|Any CPU.Build.0 = Release|Any CPU
	EndGlobalSection
	GlobalSection(SolutionProperties) = preSolution
		HideSolutionNode = FALSE
	EndGlobalSection
	GlobalSection(ExtensibilityGlobals) = postSolution
		SolutionGuid = {33053ECC-A6C5-4A6A-8D0D-FA12A0863C3D}
	EndGlobalSection
EndGlobal
