
Microsoft Visual Studio Solution File, Format Version 12.00
# Visual Studio Version 16
VisualStudioVersion = 16.0.29613.14
MinimumVisualStudioVersion = 10.0.40219.1
Project("{FAE04EC0-301F-11D3-BF4B-00C04F79EFBC}") = "geneltekrar1", "geneltekrar1\geneltekrar1.csproj", "{9D19DCE8-0581-4301-B66C-EFF4EF069AA4}"
EndProject
Global
	GlobalSection(SolutionConfigurationPlatforms) = preSolution
		Debug|Any CPU = Debug|Any CPU
		Release|Any CPU = Release|Any CPU
	EndGlobalSection
	GlobalSection(ProjectConfigurationPlatforms) = postSolution
		{9D19DCE8-0581-4301-B66C-EFF4EF069AA4}.Debug|Any CPU.ActiveCfg = Debug|Any CPU
		{9D19DCE8-0581-4301-B66C-EFF4EF069AA4}.Debug|Any CPU.Build.0 = Debug|Any CPU
		{9D19DCE8-0581-4301-B66C-EFF4EF069AA4}.Release|Any CPU.ActiveCfg = Release|Any CPU
		{9D19DCE8-0581-4301-B66C-EFF4EF069AA4}.Release|Any CPU.Build.0 = Release|Any CPU
	EndGlobalSection
	GlobalSection(SolutionProperties) = preSolution
		HideSolutionNode = FALSE
	EndGlobalSection
	GlobalSection(ExtensibilityGlobals) = postSolution
		SolutionGuid = {470A880C-1844-4193-93A2-8B546C390C68}
	EndGlobalSection
EndGlobal
