
Microsoft Visual Studio Solution File, Format Version 12.00
# Visual Studio Version 16
VisualStudioVersion = 16.0.29613.14
MinimumVisualStudioVersion = 10.0.40219.1
Project("{FAE04EC0-301F-11D3-BF4B-00C04F79EFBC}") = "ders 10", "ders 10\ders 10.csproj", "{2B6586BC-1939-4DD9-9219-640C017091B1}"
EndProject
Global
	GlobalSection(SolutionConfigurationPlatforms) = preSolution
		Debug|Any CPU = Debug|Any CPU
		Release|Any CPU = Release|Any CPU
	EndGlobalSection
	GlobalSection(ProjectConfigurationPlatforms) = postSolution
		{2B6586BC-1939-4DD9-9219-640C017091B1}.Debug|Any CPU.ActiveCfg = Debug|Any CPU
		{2B6586BC-1939-4DD9-9219-640C017091B1}.Debug|Any CPU.Build.0 = Debug|Any CPU
		{2B6586BC-1939-4DD9-9219-640C017091B1}.Release|Any CPU.ActiveCfg = Release|Any CPU
		{2B6586BC-1939-4DD9-9219-640C017091B1}.Release|Any CPU.Build.0 = Release|Any CPU
	EndGlobalSection
	GlobalSection(SolutionProperties) = preSolution
		HideSolutionNode = FALSE
	EndGlobalSection
	GlobalSection(ExtensibilityGlobals) = postSolution
		SolutionGuid = {87D69BEE-07B8-4F31-9E53-CC93E1CD316C}
	EndGlobalSection
EndGlobal
