
Microsoft Visual Studio Solution File, Format Version 12.00
# Visual Studio Version 16
VisualStudioVersion = 16.0.30503.244
MinimumVisualStudioVersion = 10.0.40219.1
Project("{FAE04EC0-301F-11D3-BF4B-00C04F79EFBC}") = "lottery", "lottery\lottery.csproj", "{F81AFCDB-5D6F-4B1D-A1E5-923E83E18DD6}"
EndProject
Global
	GlobalSection(SolutionConfigurationPlatforms) = preSolution
		Debug|Any CPU = Debug|Any CPU
		Release|Any CPU = Release|Any CPU
	EndGlobalSection
	GlobalSection(ProjectConfigurationPlatforms) = postSolution
		{F81AFCDB-5D6F-4B1D-A1E5-923E83E18DD6}.Debug|Any CPU.ActiveCfg = Debug|Any CPU
		{F81AFCDB-5D6F-4B1D-A1E5-923E83E18DD6}.Debug|Any CPU.Build.0 = Debug|Any CPU
		{F81AFCDB-5D6F-4B1D-A1E5-923E83E18DD6}.Release|Any CPU.ActiveCfg = Release|Any CPU
		{F81AFCDB-5D6F-4B1D-A1E5-923E83E18DD6}.Release|Any CPU.Build.0 = Release|Any CPU
	EndGlobalSection
	GlobalSection(SolutionProperties) = preSolution
		HideSolutionNode = FALSE
	EndGlobalSection
	GlobalSection(ExtensibilityGlobals) = postSolution
		SolutionGuid = {3FEECCE9-ED9E-4233-9877-ACC95250AF17}
	EndGlobalSection
EndGlobal
