
Microsoft Visual Studio Solution File, Format Version 12.00
# Visual Studio Version 16
VisualStudioVersion = 16.0.29613.14
MinimumVisualStudioVersion = 10.0.40219.1
Project("{FAE04EC0-301F-11D3-BF4B-00C04F79EFBC}") = "oop -question 1", "oop -question 1\oop -question 1.csproj", "{03DE3E20-04F0-4DBD-84E7-396B981760C2}"
EndProject
Global
	GlobalSection(SolutionConfigurationPlatforms) = preSolution
		Debug|Any CPU = Debug|Any CPU
		Release|Any CPU = Release|Any CPU
	EndGlobalSection
	GlobalSection(ProjectConfigurationPlatforms) = postSolution
		{03DE3E20-04F0-4DBD-84E7-396B981760C2}.Debug|Any CPU.ActiveCfg = Debug|Any CPU
		{03DE3E20-04F0-4DBD-84E7-396B981760C2}.Debug|Any CPU.Build.0 = Debug|Any CPU
		{03DE3E20-04F0-4DBD-84E7-396B981760C2}.Release|Any CPU.ActiveCfg = Release|Any CPU
		{03DE3E20-04F0-4DBD-84E7-396B981760C2}.Release|Any CPU.Build.0 = Release|Any CPU
	EndGlobalSection
	GlobalSection(SolutionProperties) = preSolution
		HideSolutionNode = FALSE
	EndGlobalSection
	GlobalSection(ExtensibilityGlobals) = postSolution
		SolutionGuid = {4C4C79E2-0BC6-4F8E-B15F-825890DB1D1F}
	EndGlobalSection
EndGlobal
