
Microsoft Visual Studio Solution File, Format Version 12.00
# Visual Studio Version 16
VisualStudioVersion = 16.0.29613.14
MinimumVisualStudioVersion = 10.0.40219.1
Project("{FAE04EC0-301F-11D3-BF4B-00C04F79EFBC}") = "ConsoleApp4", "ConsoleApp4\ConsoleApp4.csproj", "{B9821E1A-97EF-43C1-A63C-17E103D27D13}"
EndProject
Global
	GlobalSection(SolutionConfigurationPlatforms) = preSolution
		Debug|Any CPU = Debug|Any CPU
		Release|Any CPU = Release|Any CPU
	EndGlobalSection
	GlobalSection(ProjectConfigurationPlatforms) = postSolution
		{B9821E1A-97EF-43C1-A63C-17E103D27D13}.Debug|Any CPU.ActiveCfg = Debug|Any CPU
		{B9821E1A-97EF-43C1-A63C-17E103D27D13}.Debug|Any CPU.Build.0 = Debug|Any CPU
		{B9821E1A-97EF-43C1-A63C-17E103D27D13}.Release|Any CPU.ActiveCfg = Release|Any CPU
		{B9821E1A-97EF-43C1-A63C-17E103D27D13}.Release|Any CPU.Build.0 = Release|Any CPU
	EndGlobalSection
	GlobalSection(SolutionProperties) = preSolution
		HideSolutionNode = FALSE
	EndGlobalSection
	GlobalSection(ExtensibilityGlobals) = postSolution
		SolutionGuid = {403BFF8C-423A-455F-98A0-B2AE119FC647}
	EndGlobalSection
EndGlobal
